
Microsoft Visual Studio Solution File, Format Version 12.00
# Visual Studio Version 17
VisualStudioVersion = 17.11.35431.28
MinimumVisualStudioVersion = 10.0.40219.1
Project("{FAE04EC0-301F-11D3-BF4B-00C04F79EFBC}") = "PhotoRenameConsoleApp", "PhotoRenameConsoleApp\PhotoRenameConsoleApp.csproj", "{06569670-7A0A-472E-A3ED-A6B1873A40F9}"
EndProject
Global
	GlobalSection(SolutionConfigurationPlatforms) = preSolution
		Debug|Any CPU = Debug|Any CPU
		Release|Any CPU = Release|Any CPU
	EndGlobalSection
	GlobalSection(ProjectConfigurationPlatforms) = postSolution
		{06569670-7A0A-472E-A3ED-A6B1873A40F9}.Debug|Any CPU.ActiveCfg = Debug|Any CPU
		{06569670-7A0A-472E-A3ED-A6B1873A40F9}.Debug|Any CPU.Build.0 = Debug|Any CPU
		{06569670-7A0A-472E-A3ED-A6B1873A40F9}.Release|Any CPU.ActiveCfg = Release|Any CPU
		{06569670-7A0A-472E-A3ED-A6B1873A40F9}.Release|Any CPU.Build.0 = Release|Any CPU
	EndGlobalSection
	GlobalSection(SolutionProperties) = preSolution
		HideSolutionNode = FALSE
	EndGlobalSection
	GlobalSection(ExtensibilityGlobals) = postSolution
		SolutionGuid = {00707239-71BE-40DE-A5CE-26BE3AD70A79}
	EndGlobalSection
EndGlobal
